
Microsoft Visual Studio Solution File, Format Version 12.00
# Visual Studio Version 16
VisualStudioVersion = 16.0.30114.105
MinimumVisualStudioVersion = 10.0.40219.1
Project("{FAE04EC0-301F-11D3-BF4B-00C04F79EFBC}") = "SearchSharp", "SearchSharp\SearchSharp.csproj", "{ADFF6497-A007-4FC4-B09B-77014A1E83A7}"
EndProject
Project("{FAE04EC0-301F-11D3-BF4B-00C04F79EFBC}") = "SearchSharp.Tests", "SearchSharp.Tests\SearchSharp.Tests.csproj", "{4509FC83-B1F4-4619-A4F7-359B7B762AA1}"
EndProject
Project("{FAE04EC0-301F-11D3-BF4B-00C04F79EFBC}") = "SearchSharp.Memory", "SearchSharp.Memory\SearchSharp.Memory.csproj", "{7B1A70F4-8F52-4F4D-B674-BBE472B6DCE8}"
EndProject
Project("{FAE04EC0-301F-11D3-BF4B-00C04F79EFBC}") = "SearchSharp.Memory.Tests", "SearchSharp.Memory.Tests\SearchSharp.Memory.Tests.csproj", "{8839CDB9-77DB-4551-BCBE-095BBB5357B5}"
EndProject
Project("{FAE04EC0-301F-11D3-BF4B-00C04F79EFBC}") = "SearchSharp.Demo", "SearchSharp.Demo\SearchSharp.Demo.csproj", "{D6A926CF-BDDB-41CD-AE59-B935934A3026}"
EndProject
Project("{FAE04EC0-301F-11D3-BF4B-00C04F79EFBC}") = "SearchSharp.EntityFramework", "SearchSharp.EntityFramework\SearchSharp.EntityFramework.csproj", "{488BA1CD-AC5B-46D2-829A-76790F0FFD63}"
EndProject
Project("{FAE04EC0-301F-11D3-BF4B-00C04F79EFBC}") = "SearchSharp.EntityFramework.Tests", "SearchSharp.EntityFramework.Tests\SearchSharp.EntityFramework.Tests.csproj", "{85A49A65-3707-4D97-B66F-71B19E7B4B97}"
EndProject
Project("{2150E333-8FDC-42A3-9474-1A3956D46DE8}") = "Memory", "Memory", "{65B964EA-5ACA-4B94-86F1-809A4E8FBC82}"
EndProject
Project("{2150E333-8FDC-42A3-9474-1A3956D46DE8}") = "EntityFramework", "EntityFramework", "{11C0FD55-4B99-4E14-8C11-A654F697D52A}"
EndProject
Project("{2150E333-8FDC-42A3-9474-1A3956D46DE8}") = "Demo", "Demo", "{6A993B3A-CB0C-434E-9B78-A9FBC51D9851}"
EndProject
Global
	GlobalSection(SolutionConfigurationPlatforms) = preSolution
		Debug|Any CPU = Debug|Any CPU
		Release|Any CPU = Release|Any CPU
	EndGlobalSection
	GlobalSection(SolutionProperties) = preSolution
		HideSolutionNode = FALSE
	EndGlobalSection
	GlobalSection(ProjectConfigurationPlatforms) = postSolution
		{ADFF6497-A007-4FC4-B09B-77014A1E83A7}.Debug|Any CPU.ActiveCfg = Debug|Any CPU
		{ADFF6497-A007-4FC4-B09B-77014A1E83A7}.Debug|Any CPU.Build.0 = Debug|Any CPU
		{ADFF6497-A007-4FC4-B09B-77014A1E83A7}.Release|Any CPU.ActiveCfg = Release|Any CPU
		{ADFF6497-A007-4FC4-B09B-77014A1E83A7}.Release|Any CPU.Build.0 = Release|Any CPU
		{4509FC83-B1F4-4619-A4F7-359B7B762AA1}.Debug|Any CPU.ActiveCfg = Debug|Any CPU
		{4509FC83-B1F4-4619-A4F7-359B7B762AA1}.Debug|Any CPU.Build.0 = Debug|Any CPU
		{4509FC83-B1F4-4619-A4F7-359B7B762AA1}.Release|Any CPU.ActiveCfg = Release|Any CPU
		{4509FC83-B1F4-4619-A4F7-359B7B762AA1}.Release|Any CPU.Build.0 = Release|Any CPU
		{7B1A70F4-8F52-4F4D-B674-BBE472B6DCE8}.Debug|Any CPU.ActiveCfg = Debug|Any CPU
		{7B1A70F4-8F52-4F4D-B674-BBE472B6DCE8}.Debug|Any CPU.Build.0 = Debug|Any CPU
		{7B1A70F4-8F52-4F4D-B674-BBE472B6DCE8}.Release|Any CPU.ActiveCfg = Release|Any CPU
		{7B1A70F4-8F52-4F4D-B674-BBE472B6DCE8}.Release|Any CPU.Build.0 = Release|Any CPU
		{8839CDB9-77DB-4551-BCBE-095BBB5357B5}.Debug|Any CPU.ActiveCfg = Debug|Any CPU
		{8839CDB9-77DB-4551-BCBE-095BBB5357B5}.Debug|Any CPU.Build.0 = Debug|Any CPU
		{8839CDB9-77DB-4551-BCBE-095BBB5357B5}.Release|Any CPU.ActiveCfg = Release|Any CPU
		{8839CDB9-77DB-4551-BCBE-095BBB5357B5}.Release|Any CPU.Build.0 = Release|Any CPU
		{D6A926CF-BDDB-41CD-AE59-B935934A3026}.Debug|Any CPU.ActiveCfg = Debug|Any CPU
		{D6A926CF-BDDB-41CD-AE59-B935934A3026}.Debug|Any CPU.Build.0 = Debug|Any CPU
		{D6A926CF-BDDB-41CD-AE59-B935934A3026}.Release|Any CPU.ActiveCfg = Release|Any CPU
		{D6A926CF-BDDB-41CD-AE59-B935934A3026}.Release|Any CPU.Build.0 = Release|Any CPU
		{488BA1CD-AC5B-46D2-829A-76790F0FFD63}.Debug|Any CPU.ActiveCfg = Debug|Any CPU
		{488BA1CD-AC5B-46D2-829A-76790F0FFD63}.Debug|Any CPU.Build.0 = Debug|Any CPU
		{488BA1CD-AC5B-46D2-829A-76790F0FFD63}.Release|Any CPU.ActiveCfg = Release|Any CPU
		{488BA1CD-AC5B-46D2-829A-76790F0FFD63}.Release|Any CPU.Build.0 = Release|Any CPU
		{85A49A65-3707-4D97-B66F-71B19E7B4B97}.Debug|Any CPU.ActiveCfg = Debug|Any CPU
		{85A49A65-3707-4D97-B66F-71B19E7B4B97}.Debug|Any CPU.Build.0 = Debug|Any CPU
		{85A49A65-3707-4D97-B66F-71B19E7B4B97}.Release|Any CPU.ActiveCfg = Release|Any CPU
		{85A49A65-3707-4D97-B66F-71B19E7B4B97}.Release|Any CPU.Build.0 = Release|Any CPU
	EndGlobalSection
	GlobalSection(NestedProjects) = preSolution
		{488BA1CD-AC5B-46D2-829A-76790F0FFD63} = {11C0FD55-4B99-4E14-8C11-A654F697D52A}
		{85A49A65-3707-4D97-B66F-71B19E7B4B97} = {11C0FD55-4B99-4E14-8C11-A654F697D52A}
		{7B1A70F4-8F52-4F4D-B674-BBE472B6DCE8} = {65B964EA-5ACA-4B94-86F1-809A4E8FBC82}
		{8839CDB9-77DB-4551-BCBE-095BBB5357B5} = {65B964EA-5ACA-4B94-86F1-809A4E8FBC82}
		{D6A926CF-BDDB-41CD-AE59-B935934A3026} = {6A993B3A-CB0C-434E-9B78-A9FBC51D9851}
	EndGlobalSection
EndGlobal
